
Microsoft Visual Studio Solution File, Format Version 12.00
# Visual Studio 2013
VisualStudioVersion = 12.0.30501.0
MinimumVisualStudioVersion = 10.0.40219.1
Project("{FAE04EC0-301F-11D3-BF4B-00C04F79EFBC}") = "Roslyn.Samples.SanityCheck", "Roslyn.Samples.SanityCheck\Roslyn.Samples.SanityCheck.csproj", "{A06A3385-2152-43BB-B673-69D730FEF12C}"
EndProject
Project("{FAE04EC0-301F-11D3-BF4B-00C04F79EFBC}") = "Roslyn.Samples.SanityCheck.Tests", "Roslyn.Samples.SanityCheck.Tests\Roslyn.Samples.SanityCheck.Tests.csproj", "{EBD984D8-50D9-461F-B0DC-EE0751A506E1}"
EndProject
Global
	GlobalSection(SolutionConfigurationPlatforms) = preSolution
		Debug|Any CPU = Debug|Any CPU
		Release|Any CPU = Release|Any CPU
	EndGlobalSection
	GlobalSection(ProjectConfigurationPlatforms) = postSolution
		{A06A3385-2152-43BB-B673-69D730FEF12C}.Debug|Any CPU.ActiveCfg = Debug|Any CPU
		{A06A3385-2152-43BB-B673-69D730FEF12C}.Debug|Any CPU.Build.0 = Debug|Any CPU
		{A06A3385-2152-43BB-B673-69D730FEF12C}.Release|Any CPU.ActiveCfg = Release|Any CPU
		{A06A3385-2152-43BB-B673-69D730FEF12C}.Release|Any CPU.Build.0 = Release|Any CPU
		{EBD984D8-50D9-461F-B0DC-EE0751A506E1}.Debug|Any CPU.ActiveCfg = Debug|Any CPU
		{EBD984D8-50D9-461F-B0DC-EE0751A506E1}.Debug|Any CPU.Build.0 = Debug|Any CPU
		{EBD984D8-50D9-461F-B0DC-EE0751A506E1}.Release|Any CPU.ActiveCfg = Release|Any CPU
		{EBD984D8-50D9-461F-B0DC-EE0751A506E1}.Release|Any CPU.Build.0 = Release|Any CPU
	EndGlobalSection
	GlobalSection(SolutionProperties) = preSolution
		HideSolutionNode = FALSE
	EndGlobalSection
EndGlobal
