
Microsoft Visual Studio Solution File, Format Version 12.00
# Visual Studio 15
VisualStudioVersion = 15.0.26228.4
MinimumVisualStudioVersion = 10.0.40219.1
Project("{FAE04EC0-301F-11D3-BF4B-00C04F79EFBC}") = "ConfigureAwaitRefactoring", "ConfigureAwaitRefactoring\ConfigureAwaitRefactoring\ConfigureAwaitRefactoring.csproj", "{FF975FF5-E0AE-4188-809E-E3C3DEE1ACE6}"
EndProject
Project("{FAE04EC0-301F-11D3-BF4B-00C04F79EFBC}") = "ConfigureAwaitRefactoring.Vsix", "ConfigureAwaitRefactoring\ConfigureAwaitRefactoring.Vsix\ConfigureAwaitRefactoring.Vsix.csproj", "{93ED2EA2-FD75-4824-BEAD-6D2C98EB492D}"
EndProject
Global
	GlobalSection(SolutionConfigurationPlatforms) = preSolution
		Debug|Any CPU = Debug|Any CPU
		Release|Any CPU = Release|Any CPU
	EndGlobalSection
	GlobalSection(ProjectConfigurationPlatforms) = postSolution
		{FF975FF5-E0AE-4188-809E-E3C3DEE1ACE6}.Debug|Any CPU.ActiveCfg = Debug|Any CPU
		{FF975FF5-E0AE-4188-809E-E3C3DEE1ACE6}.Debug|Any CPU.Build.0 = Debug|Any CPU
		{FF975FF5-E0AE-4188-809E-E3C3DEE1ACE6}.Release|Any CPU.ActiveCfg = Release|Any CPU
		{FF975FF5-E0AE-4188-809E-E3C3DEE1ACE6}.Release|Any CPU.Build.0 = Release|Any CPU
		{93ED2EA2-FD75-4824-BEAD-6D2C98EB492D}.Debug|Any CPU.ActiveCfg = Debug|Any CPU
		{93ED2EA2-FD75-4824-BEAD-6D2C98EB492D}.Debug|Any CPU.Build.0 = Debug|Any CPU
		{93ED2EA2-FD75-4824-BEAD-6D2C98EB492D}.Release|Any CPU.ActiveCfg = Release|Any CPU
		{93ED2EA2-FD75-4824-BEAD-6D2C98EB492D}.Release|Any CPU.Build.0 = Release|Any CPU
	EndGlobalSection
	GlobalSection(SolutionProperties) = preSolution
		HideSolutionNode = FALSE
	EndGlobalSection
EndGlobal
